<?xml version="1.0" encoding="utf-8"?>
<Project ToolsVersion="4.0" xmlns="http://schemas.microsoft.com/developer/msbuild/2003">
  <ItemGroup>
    <Filter Include="Исходные файлы">
      <UniqueIdentifier>{4FC737F1-C7A5-4376-A066-2A32D752A2FF}</UniqueIdentifier>
      <Extensions>cpp;c;cc;cxx;c++;cppm;ixx;def;odl;idl;hpj;bat;asm;asmx</Extensions>
    </Filter>
    <Filter Include="Файлы заголовков">
      <UniqueIdentifier>{93995380-89BD-4b04-88EB-625FBE52EBFB}</UniqueIdentifier>
      <Extensions>h;hh;hpp;hxx;h++;hm;inl;inc;ipp;xsd</Extensions>
    </Filter>
    <Filter Include="Файлы ресурсов">
      <UniqueIdentifier>{67DA6AB6-F800-4c08-8B7A-83BB121AAD01}</UniqueIdentifier>
      <Extensions>rc;ico;cur;bmp;dlg;rc2;rct;bin;rgs;gif;jpg;jpeg;jpe;resx;tiff;tif;png;wav;mfcribbon-ms</Extensions>
    </Filter>
    <Filter Include="Исходные файлы\HW17">
      <UniqueIdentifier>{f7dbf1b8-502c-49a7-b67c-5705067f793f}</UniqueIdentifier>
    </Filter>
    <Filter Include="Файлы заголовков\HW17">
      <UniqueIdentifier>{8ac282e6-2a83-4aba-a138-2a8d485bd68f}</UniqueIdentifier>
    </Filter>
    <Filter Include="Исходные файлы\HW18">
      <UniqueIdentifier>{bb6b5fc7-1074-4d67-b5da-52e378c7dd2e}</UniqueIdentifier>
    </Filter>
    <Filter Include="Файлы заголовков\HW18">
      <UniqueIdentifier>{327668f1-ba1e-422a-93f1-3ab41bb9e547}</UniqueIdentifier>
    </Filter>
    <Filter Include="Файлы заголовков\HW18\Weapon">
      <UniqueIdentifier>{55575beb-9917-4469-85d2-0e58c21040a1}</UniqueIdentifier>
    </Filter>
    <Filter Include="Файлы заголовков\HW18\Character">
      <UniqueIdentifier>{8fbd9a84-7da3-472f-856c-e8c359a45e6c}</UniqueIdentifier>
    </Filter>
    <Filter Include="Файлы заголовков\HW18\DamageModifier">
      <UniqueIdentifier>{1ca0c816-11f4-4c70-9bf8-4f74fa1a979c}</UniqueIdentifier>
    </Filter>
    <Filter Include="Исходные файлы\HW18\Character">
      <UniqueIdentifier>{88cd991e-3b7e-4cdd-96ce-1813683fea1a}</UniqueIdentifier>
    </Filter>
    <Filter Include="Исходные файлы\HW18\DamageModifier">
      <UniqueIdentifier>{9a8866be-4455-4a32-8b83-fe4e264c528a}</UniqueIdentifier>
    </Filter>
    <Filter Include="Исходные файлы\HW18\Weapon">
      <UniqueIdentifier>{e064247f-b3d7-4781-8a68-04314137d421}</UniqueIdentifier>
    </Filter>
    <Filter Include="Исходные файлы\HW19">
      <UniqueIdentifier>{da75e511-3dfa-478f-8d91-0bf34c6bea67}</UniqueIdentifier>
    </Filter>
    <Filter Include="Файлы заголовков\HW19">
      <UniqueIdentifier>{3204d1d4-c35a-4dcc-8118-52e250dd8c32}</UniqueIdentifier>
    </Filter>
    <Filter Include="Исходные файлы\HW19\Character">
      <UniqueIdentifier>{bf027c15-0838-4464-8f7b-7f16cd099edd}</UniqueIdentifier>
    </Filter>
    <Filter Include="Файлы заголовков\HW19\Character">
      <UniqueIdentifier>{9e128baa-ea62-4866-b50f-20749edfbcd4}</UniqueIdentifier>
    </Filter>
    <Filter Include="Исходные файлы\HW19\Weapon">
      <UniqueIdentifier>{44fc75b4-216b-4c75-8166-2f3ab79da660}</UniqueIdentifier>
    </Filter>
    <Filter Include="Файлы заголовков\HW19\Weapon">
      <UniqueIdentifier>{2d43174c-c5e0-4812-a765-a274a94539c1}</UniqueIdentifier>
    </Filter>
  </ItemGroup>
  <ItemGroup>
    <ClCompile Include="R_D_CPP.cpp">
      <Filter>Исходные файлы</Filter>
    </ClCompile>
    <ClCompile Include="HW13.cpp">
      <Filter>Исходные файлы</Filter>
    </ClCompile>
    <ClCompile Include="HW14.cpp">
      <Filter>Исходные файлы</Filter>
    </ClCompile>
    <ClCompile Include="HW15.cpp">
      <Filter>Исходные файлы</Filter>
    </ClCompile>
    <ClCompile Include="HW16.cpp">
      <Filter>Исходные файлы</Filter>
    </ClCompile>
    <ClCompile Include="Building.cpp">
      <Filter>Исходные файлы\HW17</Filter>
    </ClCompile>
    <ClCompile Include="HW17.cpp">
      <Filter>Исходные файлы\HW17</Filter>
    </ClCompile>
    <ClCompile Include="HW18.cpp">
      <Filter>Исходные файлы\HW18</Filter>
    </ClCompile>
    <ClCompile Include="Character.cpp">
      <Filter>Исходные файлы\HW18\Character</Filter>
    </ClCompile>
    <ClCompile Include="Dagger.cpp">
      <Filter>Исходные файлы\HW18\Weapon</Filter>
    </ClCompile>
    <ClCompile Include="Sword.cpp">
      <Filter>Исходные файлы\HW18\Weapon</Filter>
    </ClCompile>
    <ClCompile Include="MultiplicationDamageModifier.cpp">
      <Filter>Исходные файлы\HW18\DamageModifier</Filter>
    </ClCompile>
    <ClCompile Include="AdditionDamageModifier.cpp">
      <Filter>Исходные файлы\HW18\DamageModifier</Filter>
    </ClCompile>
    <ClCompile Include="ParityDamageModifier.cpp">
      <Filter>Исходные файлы\HW18\DamageModifier</Filter>
    </ClCompile>
    <ClCompile Include="CharacterHW19.cpp">
      <Filter>Исходные файлы\HW19\Character</Filter>
    </ClCompile>
    <ClCompile Include="HW19.cpp">
      <Filter>Исходные файлы\HW19</Filter>
    </ClCompile>
    <ClCompile Include="SwordHW19.cpp">
      <Filter>Исходные файлы\HW19\Weapon</Filter>
    </ClCompile>
    <ClCompile Include="UI_Weapon.cpp">
      <Filter>Исходные файлы</Filter>
    </ClCompile>
  </ItemGroup>
  <ItemGroup>
    <ClInclude Include="HW15.h">
      <Filter>Файлы заголовков</Filter>
    </ClInclude>
    <ClInclude Include="HW16.h">
      <Filter>Файлы заголовков</Filter>
    </ClInclude>
    <ClInclude Include="HW13.h">
      <Filter>Файлы заголовков</Filter>
    </ClInclude>
    <ClInclude Include="HW14.h">
      <Filter>Файлы заголовков</Filter>
    </ClInclude>
    <ClInclude Include="Building.h">
      <Filter>Файлы заголовков\HW17</Filter>
    </ClInclude>
    <ClInclude Include="Dagger.h">
      <Filter>Файлы заголовков\HW18\Weapon</Filter>
    </ClInclude>
    <ClInclude Include="Sword.h">
      <Filter>Файлы заголовков\HW18\Weapon</Filter>
    </ClInclude>
    <ClInclude Include="Weapon.h">
      <Filter>Файлы заголовков\HW18\Weapon</Filter>
    </ClInclude>
    <ClInclude Include="DamageModifier.h">
      <Filter>Файлы заголовков\HW18\DamageModifier</Filter>
    </ClInclude>
    <ClInclude Include="MultiplicationDamageModifier.h">
      <Filter>Файлы заголовков\HW18\DamageModifier</Filter>
    </ClInclude>
    <ClInclude Include="Character.h">
      <Filter>Файлы заголовков\HW18\Character</Filter>
    </ClInclude>
    <ClInclude Include="AdditionDamageModifier.h">
      <Filter>Файлы заголовков\HW18\DamageModifier</Filter>
    </ClInclude>
    <ClInclude Include="ParityDamageModifier.h">
      <Filter>Файлы заголовков\HW18\DamageModifier</Filter>
    </ClInclude>
    <ClInclude Include="CharacterHW19.h">
      <Filter>Файлы заголовков\HW19\Character</Filter>
    </ClInclude>
    <ClInclude Include="SwordHW19.h">
      <Filter>Файлы заголовков\HW19\Weapon</Filter>
    </ClInclude>
    <ClInclude Include="UI_Weapon.h">
      <Filter>Файлы заголовков</Filter>
    </ClInclude>
  </ItemGroup>
</Project>